# This is a Gradle generated file for dependency locking.
# Manual edits can break the build and are not advised.
# This file is expected to be part of source control.
# To regenerate this file, run: ./gradlew :internal-contractor-api:dependencies --write-locks
commons-logging:commons-logging:1.3.6=compileClasspath
io.micrometer:micrometer-commons:1.17.0=compileClasspath
io.micrometer:micrometer-observation:1.17.0=compileClasspath
org.jspecify:jspecify:1.0.0=compileClasspath
org.springframework.boot:spring-boot-dependencies:4.1.0=compileClasspath
org.springframework:spring-beans:7.0.8=compileClasspath
org.springframework:spring-core:7.0.8=compileClasspath
org.springframework:spring-web:7.0.8=compileClasspath
empty=annotationProcessor
